// !$*UTF8*$!
{
	archiveVersion = 1;
	classes = {
	};
	objectVersion = 50;
	objects = {

/* Begin PBXBuildFile section */
		520B66C922AD0CA100252DB7 /* AppDelegate.swift in Sources */ = {isa = PBXBuildFile; fileRef = 520B66C822AD0CA100252DB7 /* AppDelegate.swift */; };
		520B66CB22AD0CA100252DB7 /* ViewController.swift in Sources */ = {isa = PBXBuildFile; fileRef = 520B66CA22AD0CA100252DB7 /* ViewController.swift */; };
		520B66CE22AD0CA100252DB7 /* Main.storyboard in Resources */ = {isa = PBXBuildFile; fileRef = 520B66CC22AD0CA100252DB7 /* Main.storyboard */; };
		520B66D022AD0CA200252DB7 /* Assets.xcassets in Resources */ = {isa = PBXBuildFile; fileRef = 520B66CF22AD0CA200252DB7 /* Assets.xcassets */; };
		520B66D322AD0CA200252DB7 /* LaunchScreen.storyboard in Resources */ = {isa = PBXBuildFile; fileRef = 520B66D122AD0CA200252DB7 /* LaunchScreen.storyboard */; };
		520B66DC22AD0CF400252DB7 /* Article.swift in Sources */ = {isa = PBXBuildFile; fileRef = 520B66DB22AD0CF400252DB7 /* Article.swift */; };
		520B66DE22AD13C400252DB7 /* Articles.swift in Sources */ = {isa = PBXBuildFile; fileRef = 520B66DD22AD13C400252DB7 /* Articles.swift */; };
		520B66E022AD159A00252DB7 /* AsynchronousOperation.swift in Sources */ = {isa = PBXBuildFile; fileRef = 520B66DF22AD159A00252DB7 /* AsynchronousOperation.swift */; };
		520B66E222AD16A100252DB7 /* GetNewsOperation.swift in Sources */ = {isa = PBXBuildFile; fileRef = 520B66E122AD16A100252DB7 /* GetNewsOperation.swift */; };
		520B66E422AD1D2A00252DB7 /* Status.swift in Sources */ = {isa = PBXBuildFile; fileRef = 520B66E322AD1D2A00252DB7 /* Status.swift */; };
		520B66E722AD3D0000252DB7 /* NewsTableViewCell.swift in Sources */ = {isa = PBXBuildFile; fileRef = 520B66E622AD3D0000252DB7 /* NewsTableViewCell.swift */; };
		520B66EA22AD5F6F00252DB7 /* LoadImageOperation.swift in Sources */ = {isa = PBXBuildFile; fileRef = 520B66E922AD5F6F00252DB7 /* LoadImageOperation.swift */; };
		520B66EC22AD642900252DB7 /* ImagesCache.swift in Sources */ = {isa = PBXBuildFile; fileRef = 520B66EB22AD642900252DB7 /* ImagesCache.swift */; };
		520B66EE22AD70C800252DB7 /* NewsFilter.swift in Sources */ = {isa = PBXBuildFile; fileRef = 520B66ED22AD70C800252DB7 /* NewsFilter.swift */; };
/* End PBXBuildFile section */

/* Begin PBXFileReference section */
		520B66C522AD0CA100252DB7 /* SheepAppsTest.app */ = {isa = PBXFileReference; explicitFileType = wrapper.application; includeInIndex = 0; path = SheepAppsTest.app; sourceTree = BUILT_PRODUCTS_DIR; };
		520B66C822AD0CA100252DB7 /* AppDelegate.swift */ = {isa = PBXFileReference; lastKnownFileType = sourcecode.swift; path = AppDelegate.swift; sourceTree = "<group>"; };
		520B66CA22AD0CA100252DB7 /* ViewController.swift */ = {isa = PBXFileReference; lastKnownFileType = sourcecode.swift; path = ViewController.swift; sourceTree = "<group>"; };
		520B66CD22AD0CA100252DB7 /* Base */ = {isa = PBXFileReference; lastKnownFileType = file.storyboard; name = Base; path = Base.lproj/Main.storyboard; sourceTree = "<group>"; };
		520B66CF22AD0CA200252DB7 /* Assets.xcassets */ = {isa = PBXFileReference; lastKnownFileType = folder.assetcatalog; path = Assets.xcassets; sourceTree = "<group>"; };
		520B66D222AD0CA200252DB7 /* Base */ = {isa = PBXFileReference; lastKnownFileType = file.storyboard; name = Base; path = Base.lproj/LaunchScreen.storyboard; sourceTree = "<group>"; };
		520B66D422AD0CA200252DB7 /* Info.plist */ = {isa = PBXFileReference; lastKnownFileType = text.plist.xml; path = Info.plist; sourceTree = "<group>"; };
		520B66DB22AD0CF400252DB7 /* Article.swift */ = {isa = PBXFileReference; lastKnownFileType = sourcecode.swift; path = Article.swift; sourceTree = "<group>"; };
		520B66DD22AD13C400252DB7 /* Articles.swift */ = {isa = PBXFileReference; lastKnownFileType = sourcecode.swift; path = Articles.swift; sourceTree = "<group>"; };
		520B66DF22AD159A00252DB7 /* AsynchronousOperation.swift */ = {isa = PBXFileReference; lastKnownFileType = sourcecode.swift; path = AsynchronousOperation.swift; sourceTree = "<group>"; };
		520B66E122AD16A100252DB7 /* GetNewsOperation.swift */ = {isa = PBXFileReference; lastKnownFileType = sourcecode.swift; path = GetNewsOperation.swift; sourceTree = "<group>"; };
		520B66E322AD1D2A00252DB7 /* Status.swift */ = {isa = PBXFileReference; lastKnownFileType = sourcecode.swift; path = Status.swift; sourceTree = "<group>"; };
		520B66E622AD3D0000252DB7 /* NewsTableViewCell.swift */ = {isa = PBXFileReference; lastKnownFileType = sourcecode.swift; path = NewsTableViewCell.swift; sourceTree = "<group>"; };
		520B66E922AD5F6F00252DB7 /* LoadImageOperation.swift */ = {isa = PBXFileReference; lastKnownFileType = sourcecode.swift; path = LoadImageOperation.swift; sourceTree = "<group>"; };
		520B66EB22AD642900252DB7 /* ImagesCache.swift */ = {isa = PBXFileReference; lastKnownFileType = sourcecode.swift; path = ImagesCache.swift; sourceTree = "<group>"; };
		520B66ED22AD70C800252DB7 /* NewsFilter.swift */ = {isa = PBXFileReference; lastKnownFileType = sourcecode.swift; path = NewsFilter.swift; sourceTree = "<group>"; };
/* End PBXFileReference section */

/* Begin PBXFrameworksBuildPhase section */
		520B66C222AD0CA100252DB7 /* Frameworks */ = {
			isa = PBXFrameworksBuildPhase;
			buildActionMask = 2147483647;
			files = (
			);
			runOnlyForDeploymentPostprocessing = 0;
		};
/* End PBXFrameworksBuildPhase section */

/* Begin PBXGroup section */
		520B66BC22AD0CA100252DB7 = {
			isa = PBXGroup;
			children = (
				520B66C722AD0CA100252DB7 /* SheepAppsTest */,
				520B66C622AD0CA100252DB7 /* Products */,
			);
			sourceTree = "<group>";
		};
		520B66C622AD0CA100252DB7 /* Products */ = {
			isa = PBXGroup;
			children = (
				520B66C522AD0CA100252DB7 /* SheepAppsTest.app */,
			);
			name = Products;
			sourceTree = "<group>";
		};
		520B66C722AD0CA100252DB7 /* SheepAppsTest */ = {
			isa = PBXGroup;
			children = (
				520B66DA22AD0CC900252DB7 /* Model */,
				520B66E522AD3A7300252DB7 /* View */,
				520B66E822AD50FF00252DB7 /* Controller */,
				520B66C822AD0CA100252DB7 /* AppDelegate.swift */,
				520B66CC22AD0CA100252DB7 /* Main.storyboard */,
				520B66CF22AD0CA200252DB7 /* Assets.xcassets */,
				520B66D122AD0CA200252DB7 /* LaunchScreen.storyboard */,
				520B66D422AD0CA200252DB7 /* Info.plist */,
			);
			path = SheepAppsTest;
			sourceTree = "<group>";
		};
		520B66DA22AD0CC900252DB7 /* Model */ = {
			isa = PBXGroup;
			children = (
				520B66E322AD1D2A00252DB7 /* Status.swift */,
				520B66DB22AD0CF400252DB7 /* Article.swift */,
				520B66DD22AD13C400252DB7 /* Articles.swift */,
				520B66DF22AD159A00252DB7 /* AsynchronousOperation.swift */,
				520B66E122AD16A100252DB7 /* GetNewsOperation.swift */,
				520B66E922AD5F6F00252DB7 /* LoadImageOperation.swift */,
				520B66EB22AD642900252DB7 /* ImagesCache.swift */,
				520B66ED22AD70C800252DB7 /* NewsFilter.swift */,
			);
			path = Model;
			sourceTree = "<group>";
		};
		520B66E522AD3A7300252DB7 /* View */ = {
			isa = PBXGroup;
			children = (
				520B66E622AD3D0000252DB7 /* NewsTableViewCell.swift */,
			);
			path = View;
			sourceTree = "<group>";
		};
		520B66E822AD50FF00252DB7 /* Controller */ = {
			isa = PBXGroup;
			children = (
				520B66CA22AD0CA100252DB7 /* ViewController.swift */,
			);
			path = Controller;
			sourceTree = "<group>";
		};
/* End PBXGroup section */

/* Begin PBXNativeTarget section */
		520B66C422AD0CA100252DB7 /* SheepAppsTest */ = {
			isa = PBXNativeTarget;
			buildConfigurationList = 520B66D722AD0CA200252DB7 /* Build configuration list for PBXNativeTarget "SheepAppsTest" */;
			buildPhases = (
				520B66C122AD0CA100252DB7 /* Sources */,
				520B66C222AD0CA100252DB7 /* Frameworks */,
				520B66C322AD0CA100252DB7 /* Resources */,
			);
			buildRules = (
			);
			dependencies = (
			);
			name = SheepAppsTest;
			productName = SheepAppsTest;
			productReference = 520B66C522AD0CA100252DB7 /* SheepAppsTest.app */;
			productType = "com.apple.product-type.application";
		};
/* End PBXNativeTarget section */

/* Begin PBXProject section */
		520B66BD22AD0CA100252DB7 /* Project object */ = {
			isa = PBXProject;
			attributes = {
				LastSwiftUpdateCheck = 1010;
				LastUpgradeCheck = 1010;
				ORGANIZATIONNAME = "Polina Dulko";
				TargetAttributes = {
					520B66C422AD0CA100252DB7 = {
						CreatedOnToolsVersion = 10.1;
					};
				};
			};
			buildConfigurationList = 520B66C022AD0CA100252DB7 /* Build configuration list for PBXProject "SheepAppsTest" */;
			compatibilityVersion = "Xcode 9.3";
			developmentRegion = en;
			hasScannedForEncodings = 0;
			knownRegions = (
				en,
				Base,
			);
			mainGroup = 520B66BC22AD0CA100252DB7;
			productRefGroup = 520B66C622AD0CA100252DB7 /* Products */;
			projectDirPath = "";
			projectRoot = "";
			targets = (
				520B66C422AD0CA100252DB7 /* SheepAppsTest */,
			);
		};
/* End PBXProject section */

/* Begin PBXResourcesBuildPhase section */
		520B66C322AD0CA100252DB7 /* Resources */ = {
			isa = PBXResourcesBuildPhase;
			buildActionMask = 2147483647;
			files = (
				520B66D322AD0CA200252DB7 /* LaunchScreen.storyboard in Resources */,
				520B66D022AD0CA200252DB7 /* Assets.xcassets in Resources */,
				520B66CE22AD0CA100252DB7 /* Main.storyboard in Resources */,
			);
			runOnlyForDeploymentPostprocessing = 0;
		};
/* End PBXResourcesBuildPhase section */

/* Begin PBXSourcesBuildPhase section */
		520B66C122AD0CA100252DB7 /* Sources */ = {
			isa = PBXSourcesBuildPhase;
			buildActionMask = 2147483647;
			files = (
				520B66EA22AD5F6F00252DB7 /* LoadImageOperation.swift in Sources */,
				520B66DE22AD13C400252DB7 /* Articles.swift in Sources */,
				520B66E222AD16A100252DB7 /* GetNewsOperation.swift in Sources */,
				520B66E722AD3D0000252DB7 /* NewsTableViewCell.swift in Sources */,
				520B66E422AD1D2A00252DB7 /* Status.swift in Sources */,
				520B66CB22AD0CA100252DB7 /* ViewController.swift in Sources */,
				520B66E022AD159A00252DB7 /* AsynchronousOperation.swift in Sources */,
				520B66C922AD0CA100252DB7 /* AppDelegate.swift in Sources */,
				520B66EE22AD70C800252DB7 /* NewsFilter.swift in Sources */,
				520B66EC22AD642900252DB7 /* ImagesCache.swift in Sources */,
				520B66DC22AD0CF400252DB7 /* Article.swift in Sources */,
			);
			runOnlyForDeploymentPostprocessing = 0;
		};
/* End PBXSourcesBuildPhase section */

/* Begin PBXVariantGroup section */
		520B66CC22AD0CA100252DB7 /* Main.storyboard */ = {
			isa = PBXVariantGroup;
			children = (
				520B66CD22AD0CA100252DB7 /* Base */,
			);
			name = Main.storyboard;
			sourceTree = "<group>";
		};
		520B66D122AD0CA200252DB7 /* LaunchScreen.storyboard */ = {
			isa = PBXVariantGroup;
			children = (
				520B66D222AD0CA200252DB7 /* Base */,
			);
			name = LaunchScreen.storyboard;
			sourceTree = "<group>";
		};
/* End PBXVariantGroup section */

/* Begin XCBuildConfiguration section */
		520B66D522AD0CA200252DB7 /* Debug */ = {
			isa = XCBuildConfiguration;
			buildSettings = {
				ALWAYS_SEARCH_USER_PATHS = NO;
				CLANG_ANALYZER_NONNULL = YES;
				CLANG_ANALYZER_NUMBER_OBJECT_CONVERSION = YES_AGGRESSIVE;
				CLANG_CXX_LANGUAGE_STANDARD = "gnu++14";
				CLANG_CXX_LIBRARY = "libc++";
				CLANG_ENABLE_MODULES = YES;
				CLANG_ENABLE_OBJC_ARC = YES;
				CLANG_ENABLE_OBJC_WEAK = YES;
				CLANG_WARN_BLOCK_CAPTURE_AUTORELEASING = YES;
				CLANG_WARN_BOOL_CONVERSION = YES;
				CLANG_WARN_COMMA = YES;
				CLANG_WARN_CONSTANT_CONVERSION = YES;
				CLANG_WARN_DEPRECATED_OBJC_IMPLEMENTATIONS = YES;
				CLANG_WARN_DIRECT_OBJC_ISA_USAGE = YES_ERROR;
				CLANG_WARN_DOCUMENTATION_COMMENTS = YES;
				CLANG_WARN_EMPTY_BODY = YES;
				CLANG_WARN_ENUM_CONVERSION = YES;
				CLANG_WARN_INFINITE_RECURSION = YES;
				CLANG_WARN_INT_CONVERSION = YES;
				CLANG_WARN_NON_LITERAL_NULL_CONVERSION = YES;
				CLANG_WARN_OBJC_IMPLICIT_RETAIN_SELF = YES;
				CLANG_WARN_OBJC_LITERAL_CONVERSION = YES;
				CLANG_WARN_OBJC_ROOT_CLASS = YES_ERROR;
				CLANG_WARN_RANGE_LOOP_ANALYSIS = YES;
				CLANG_WARN_STRICT_PROTOTYPES = YES;
				CLANG_WARN_SUSPICIOUS_MOVE = YES;
				CLANG_WARN_UNGUARDED_AVAILABILITY = YES_AGGRESSIVE;
				CLANG_WARN_UNREACHABLE_CODE = YES;
				CLANG_WARN__DUPLICATE_METHOD_MATCH = YES;
				CODE_SIGN_IDENTITY = "iPhone Developer";
				COPY_PHASE_STRIP = NO;
				DEBUG_INFORMATION_FORMAT = dwarf;
				ENABLE_STRICT_OBJC_MSGSEND = YES;
				ENABLE_TESTABILITY = YES;
				GCC_C_LANGUAGE_STANDARD = gnu11;
				GCC_DYNAMIC_NO_PIC = NO;
				GCC_NO_COMMON_BLOCKS = YES;
				GCC_OPTIMIZATION_LEVEL = 0;
				GCC_PREPROCESSOR_DEFINITIONS = (
					"DEBUG=1",
					"$(inherited)",
				);
				GCC_WARN_64_TO_32_BIT_CONVERSION = YES;
				GCC_WARN_ABOUT_RETURN_TYPE = YES_ERROR;
				GCC_WARN_UNDECLARED_SELECTOR = YES;
				GCC_WARN_UNINITIALIZED_AUTOS = YES_AGGRESSIVE;
				GCC_WARN_UNUSED_FUNCTION = YES;
				GCC_WARN_UNUSED_VARIABLE = YES;
				IPHONEOS_DEPLOYMENT_TARGET = 12.1;
				MTL_ENABLE_DEBUG_INFO = INCLUDE_SOURCE;
				MTL_FAST_MATH = YES;
				ONLY_ACTIVE_ARCH = YES;
				SDKROOT = iphoneos;
				SWIFT_ACTIVE_COMPILATION_CONDITIONS = DEBUG;
				SWIFT_OPTIMIZATION_LEVEL = "-Onone";
			};
			name = Debug;
		};
		520B66D622AD0CA200252DB7 /* Release */ = {
			isa = XCBuildConfiguration;
			buildSettings = {
				ALWAYS_SEARCH_USER_PATHS = NO;
				CLANG_ANALYZER_NONNULL = YES;
				CLANG_ANALYZER_NUMBER_OBJECT_CONVERSION = YES_AGGRESSIVE;
				CLANG_CXX_LANGUAGE_STANDARD = "gnu++14";
				CLANG_CXX_LIBRARY = "libc++";
				CLANG_ENABLE_MODULES = YES;
				CLANG_ENABLE_OBJC_ARC = YES;
				CLANG_ENABLE_OBJC_WEAK = YES;
				CLANG_WARN_BLOCK_CAPTURE_AUTORELEASING = YES;
				CLANG_WARN_BOOL_CONVERSION = YES;
				CLANG_WARN_COMMA = YES;
				CLANG_WARN_CONSTANT_CONVERSION = YES;
				CLANG_WARN_DEPRECATED_OBJC_IMPLEMENTATIONS = YES;
				CLANG_WARN_DIRECT_OBJC_ISA_USAGE = YES_ERROR;
				CLANG_WARN_DOCUMENTATION_COMMENTS = YES;
				CLANG_WARN_EMPTY_BODY = YES;
				CLANG_WARN_ENUM_CONVERSION = YES;
				CLANG_WARN_INFINITE_RECURSION = YES;
				CLANG_WARN_INT_CONVERSION = YES;
				CLANG_WARN_NON_LITERAL_NULL_CONVERSION = YES;
				CLANG_WARN_OBJC_IMPLICIT_RETAIN_SELF = YES;
				CLANG_WARN_OBJC_LITERAL_CONVERSION = YES;
				CLANG_WARN_OBJC_ROOT_CLASS = YES_ERROR;
				CLANG_WARN_RANGE_LOOP_ANALYSIS = YES;
				CLANG_WARN_STRICT_PROTOTYPES = YES;
				CLANG_WARN_SUSPICIOUS_MOVE = YES;
				CLANG_WARN_UNGUARDED_AVAILABILITY = YES_AGGRESSIVE;
				CLANG_WARN_UNREACHABLE_CODE = YES;
				CLANG_WARN__DUPLICATE_METHOD_MATCH = YES;
				CODE_SIGN_IDENTITY = "iPhone Developer";
				COPY_PHASE_STRIP = NO;
				DEBUG_INFORMATION_FORMAT = "dwarf-with-dsym";
				ENABLE_NS_ASSERTIONS = NO;
				ENABLE_STRICT_OBJC_MSGSEND = YES;
				GCC_C_LANGUAGE_STANDARD = gnu11;
				GCC_NO_COMMON_BLOCKS = YES;
				GCC_WARN_64_TO_32_BIT_CONVERSION = YES;
				GCC_WARN_ABOUT_RETURN_TYPE = YES_ERROR;
				GCC_WARN_UNDECLARED_SELECTOR = YES;
				GCC_WARN_UNINITIALIZED_AUTOS = YES_AGGRESSIVE;
				GCC_WARN_UNUSED_FUNCTION = YES;
				GCC_WARN_UNUSED_VARIABLE = YES;
				IPHONEOS_DEPLOYMENT_TARGET = 12.1;
				MTL_ENABLE_DEBUG_INFO = NO;
				MTL_FAST_MATH = YES;
				SDKROOT = iphoneos;
				SWIFT_COMPILATION_MODE = wholemodule;
				SWIFT_OPTIMIZATION_LEVEL = "-O";
				VALIDATE_PRODUCT = YES;
			};
			name = Release;
		};
		520B66D822AD0CA200252DB7 /* Debug */ = {
			isa = XCBuildConfiguration;
			buildSettings = {
				ASSETCATALOG_COMPILER_APPICON_NAME = AppIcon;
				CODE_SIGN_STYLE = Automatic;
				DEVELOPMENT_TEAM = P2Y7BAN599;
				INFOPLIST_FILE = SheepAppsTest/Info.plist;
				LD_RUNPATH_SEARCH_PATHS = (
					"$(inherited)",
					"@executable_path/Frameworks",
				);
				PRODUCT_BUNDLE_IDENTIFIER = com.polinadulko.SheepAppsTest;
				PRODUCT_NAME = "$(TARGET_NAME)";
				SWIFT_VERSION = 4.2;
				TARGETED_DEVICE_FAMILY = "1,2";
			};
			name = Debug;
		};
		520B66D922AD0CA200252DB7 /* Release */ = {
			isa = XCBuildConfiguration;
			buildSettings = {
				ASSETCATALOG_COMPILER_APPICON_NAME = AppIcon;
				CODE_SIGN_STYLE = Automatic;
				DEVELOPMENT_TEAM = P2Y7BAN599;
				INFOPLIST_FILE = SheepAppsTest/Info.plist;
				LD_RUNPATH_SEARCH_PATHS = (
					"$(inherited)",
					"@executable_path/Frameworks",
				);
				PRODUCT_BUNDLE_IDENTIFIER = com.polinadulko.SheepAppsTest;
				PRODUCT_NAME = "$(TARGET_NAME)";
				SWIFT_VERSION = 4.2;
				TARGETED_DEVICE_FAMILY = "1,2";
			};
			name = Release;
		};
/* End XCBuildConfiguration section */

/* Begin XCConfigurationList section */
		520B66C022AD0CA100252DB7 /* Build configuration list for PBXProject "SheepAppsTest" */ = {
			isa = XCConfigurationList;
			buildConfigurations = (
				520B66D522AD0CA200252DB7 /* Debug */,
				520B66D622AD0CA200252DB7 /* Release */,
			);
			defaultConfigurationIsVisible = 0;
			defaultConfigurationName = Release;
		};
		520B66D722AD0CA200252DB7 /* Build configuration list for PBXNativeTarget "SheepAppsTest" */ = {
			isa = XCConfigurationList;
			buildConfigurations = (
				520B66D822AD0CA200252DB7 /* Debug */,
				520B66D922AD0CA200252DB7 /* Release */,
			);
			defaultConfigurationIsVisible = 0;
			defaultConfigurationName = Release;
		};
/* End XCConfigurationList section */
	};
	rootObject = 520B66BD22AD0CA100252DB7 /* Project object */;
}
